# This file was autogenerated by Stack.
# You should not edit this file by hand.
# For more information, please see the documentation at:
#   https://docs.haskellstack.org/en/stable/lock_files

packages: []
snapshots:
- completed:
    size: 536352
    url: https://raw.githubusercontent.com/commercialhaskell/stackage-snapshots/master/lts/9/14.yaml
    sha256: 9e880f85f76b7f35a2b6edd1af333ce7f7845d47e897c3509ddd18eaa2763779
  original: lts-9.14
